
Microsoft Visual Studio Solution File, Format Version 12.00
# Visual Studio Version 17
VisualStudioVersion = 17.0.31903.59
MinimumVisualStudioVersion = 10.0.40219.1
Project("{FAE04EC0-301F-11D3-BF4B-00C04F79EFBC}") = "Avinya.InsuranceCRM.API", "Avinya.InsuranceCRM.API\Avinya.InsuranceCRM.API.csproj", "{C7F46418-8263-49A3-8B86-4FDEDDA83874}"
EndProject
Project("{FAE04EC0-301F-11D3-BF4B-00C04F79EFBC}") = "Avinya.InsuranceCRM.Application", "Avinya.InsuranceCRM.Application\Avinya.InsuranceCRM.Application.csproj", "{A46A7CED-7820-4ADA-9CDE-C49E38616A7F}"
EndProject
Project("{FAE04EC0-301F-11D3-BF4B-00C04F79EFBC}") = "Avinya.InsuranceCRM.Domain", "Avinya.InsuranceCRM.Domain\Avinya.InsuranceCRM.Domain.csproj", "{8FCD9704-E7DB-4992-BC48-002348333948}"
EndProject
Project("{FAE04EC0-301F-11D3-BF4B-00C04F79EFBC}") = "Avinya.InsuranceCRM.Infrastructure", "Avinya.InsuranceCRM.Infrastructure\Avinya.InsuranceCRM.Infrastructure.csproj", "{424039B3-38F2-414E-92DC-F25ECF8A7931}"
EndProject
Project("{2150E333-8FDC-42A3-9474-1A3956D46DE8}") = "Solution Items", "Solution Items", "{8EC462FD-D22E-90A8-E5CE-7E832BA40C5D}"
	ProjectSection(SolutionItems) = preProject
		.gitignore = .gitignore
	EndProjectSection
EndProject
Global
	GlobalSection(SolutionConfigurationPlatforms) = preSolution
		Debug|Any CPU = Debug|Any CPU
		Debug|x64 = Debug|x64
		Debug|x86 = Debug|x86
		Release|Any CPU = Release|Any CPU
		Release|x64 = Release|x64
		Release|x86 = Release|x86
	EndGlobalSection
	GlobalSection(ProjectConfigurationPlatforms) = postSolution
		{C7F46418-8263-49A3-8B86-4FDEDDA83874}.Debug|Any CPU.ActiveCfg = Debug|Any CPU
		{C7F46418-8263-49A3-8B86-4FDEDDA83874}.Debug|Any CPU.Build.0 = Debug|Any CPU
		{C7F46418-8263-49A3-8B86-4FDEDDA83874}.Debug|x64.ActiveCfg = Debug|Any CPU
		{C7F46418-8263-49A3-8B86-4FDEDDA83874}.Debug|x64.Build.0 = Debug|Any CPU
		{C7F46418-8263-49A3-8B86-4FDEDDA83874}.Debug|x86.ActiveCfg = Debug|Any CPU
		{C7F46418-8263-49A3-8B86-4FDEDDA83874}.Debug|x86.Build.0 = Debug|Any CPU
		{C7F46418-8263-49A3-8B86-4FDEDDA83874}.Release|Any CPU.ActiveCfg = Release|Any CPU
		{C7F46418-8263-49A3-8B86-4FDEDDA83874}.Release|Any CPU.Build.0 = Release|Any CPU
		{C7F46418-8263-49A3-8B86-4FDEDDA83874}.Release|x64.ActiveCfg = Release|Any CPU
		{C7F46418-8263-49A3-8B86-4FDEDDA83874}.Release|x64.Build.0 = Release|Any CPU
		{C7F46418-8263-49A3-8B86-4FDEDDA83874}.Release|x86.ActiveCfg = Release|Any CPU
		{C7F46418-8263-49A3-8B86-4FDEDDA83874}.Release|x86.Build.0 = Release|Any CPU
		{A46A7CED-7820-4ADA-9CDE-C49E38616A7F}.Debug|Any CPU.ActiveCfg = Debug|Any CPU
		{A46A7CED-7820-4ADA-9CDE-C49E38616A7F}.Debug|Any CPU.Build.0 = Debug|Any CPU
		{A46A7CED-7820-4ADA-9CDE-C49E38616A7F}.Debug|x64.ActiveCfg = Debug|Any CPU
		{A46A7CED-7820-4ADA-9CDE-C49E38616A7F}.Debug|x64.Build.0 = Debug|Any CPU
		{A46A7CED-7820-4ADA-9CDE-C49E38616A7F}.Debug|x86.ActiveCfg = Debug|Any CPU
		{A46A7CED-7820-4ADA-9CDE-C49E38616A7F}.Debug|x86.Build.0 = Debug|Any CPU
		{A46A7CED-7820-4ADA-9CDE-C49E38616A7F}.Release|Any CPU.ActiveCfg = Release|Any CPU
		{A46A7CED-7820-4ADA-9CDE-C49E38616A7F}.Release|Any CPU.Build.0 = Release|Any CPU
		{A46A7CED-7820-4ADA-9CDE-C49E38616A7F}.Release|x64.ActiveCfg = Release|Any CPU
		{A46A7CED-7820-4ADA-9CDE-C49E38616A7F}.Release|x64.Build.0 = Release|Any CPU
		{A46A7CED-7820-4ADA-9CDE-C49E38616A7F}.Release|x86.ActiveCfg = Release|Any CPU
		{A46A7CED-7820-4ADA-9CDE-C49E38616A7F}.Release|x86.Build.0 = Release|Any CPU
		{8FCD9704-E7DB-4992-BC48-002348333948}.Debug|Any CPU.ActiveCfg = Debug|Any CPU
		{8FCD9704-E7DB-4992-BC48-002348333948}.Debug|Any CPU.Build.0 = Debug|Any CPU
		{8FCD9704-E7DB-4992-BC48-002348333948}.Debug|x64.ActiveCfg = Debug|Any CPU
		{8FCD9704-E7DB-4992-BC48-002348333948}.Debug|x64.Build.0 = Debug|Any CPU
		{8FCD9704-E7DB-4992-BC48-002348333948}.Debug|x86.ActiveCfg = Debug|Any CPU
		{8FCD9704-E7DB-4992-BC48-002348333948}.Debug|x86.Build.0 = Debug|Any CPU
		{8FCD9704-E7DB-4992-BC48-002348333948}.Release|Any CPU.ActiveCfg = Release|Any CPU
		{8FCD9704-E7DB-4992-BC48-002348333948}.Release|Any CPU.Build.0 = Release|Any CPU
		{8FCD9704-E7DB-4992-BC48-002348333948}.Release|x64.ActiveCfg = Release|Any CPU
		{8FCD9704-E7DB-4992-BC48-002348333948}.Release|x64.Build.0 = Release|Any CPU
		{8FCD9704-E7DB-4992-BC48-002348333948}.Release|x86.ActiveCfg = Release|Any CPU
		{8FCD9704-E7DB-4992-BC48-002348333948}.Release|x86.Build.0 = Release|Any CPU
		{424039B3-38F2-414E-92DC-F25ECF8A7931}.Debug|Any CPU.ActiveCfg = Debug|Any CPU
		{424039B3-38F2-414E-92DC-F25ECF8A7931}.Debug|Any CPU.Build.0 = Debug|Any CPU
		{424039B3-38F2-414E-92DC-F25ECF8A7931}.Debug|x64.ActiveCfg = Debug|Any CPU
		{424039B3-38F2-414E-92DC-F25ECF8A7931}.Debug|x64.Build.0 = Debug|Any CPU
		{424039B3-38F2-414E-92DC-F25ECF8A7931}.Debug|x86.ActiveCfg = Debug|Any CPU
		{424039B3-38F2-414E-92DC-F25ECF8A7931}.Debug|x86.Build.0 = Debug|Any CPU
		{424039B3-38F2-414E-92DC-F25ECF8A7931}.Release|Any CPU.ActiveCfg = Release|Any CPU
		{424039B3-38F2-414E-92DC-F25ECF8A7931}.Release|Any CPU.Build.0 = Release|Any CPU
		{424039B3-38F2-414E-92DC-F25ECF8A7931}.Release|x64.ActiveCfg = Release|Any CPU
		{424039B3-38F2-414E-92DC-F25ECF8A7931}.Release|x64.Build.0 = Release|Any CPU
		{424039B3-38F2-414E-92DC-F25ECF8A7931}.Release|x86.ActiveCfg = Release|Any CPU
		{424039B3-38F2-414E-92DC-F25ECF8A7931}.Release|x86.Build.0 = Release|Any CPU
	EndGlobalSection
	GlobalSection(SolutionProperties) = preSolution
		HideSolutionNode = FALSE
	EndGlobalSection
EndGlobal
